github.com/BurntSushi/toml v0.3.1 h1:WXkYYl6Yr3qBf1K79EBnL4mak0OimBfB0XUf9Vl28OQ=
github.com/BurntSushi/toml v0.3.1/go.mod h1:xHWCNGjB5oqiDr8zfno3MHue2Ht5sIBksp03qcyfWMU=
github.com/campoy/apiai v0.0.0-20171201233727-d933019d3696 h1:oOFVPQtg8TYT59+kgST9TDYeh//jizZqufbLB+K930M=
github.com/campoy/apiai v0.0.0-20171201233727-d933019d3696/go.mod h1:OmcLeGRbMRkyXP9IeA/YuVAsDEKCXtNIzcKDDRtNuLc=
github.com/go-redis/redis v6.15.0+incompatible h1:/Wib9cA7CF3SQxBZRMHyQvqzlwzc8PJGDMkRfqQebSE=
github.com/go-redis/redis v6.15.0+incompatible/go.mod h1:NAIEuMOZ/fxfXJIrKDQDz8wamY7mA7PouImQ2Jvg6kA=
github.com/jesseward/songexplorer v0.0.0-20180120162849-9279046f184d h1:R7imhi5SoUxc7TRGX8R93MsS+ZadtzAf0WcTh4gANU4=
github.com/jesseward/songexplorer v0.0.0-20180120162849-9279046f184d/go.mod h1:Y5BAVFRbtvAZNbzffvRK0EloYAtP/WLxFZV4NH86kU4=
github.com/shkh/lastfm-go v0.0.0-20180729041255-29483feae857 h1:q7kJEIYmlHvNdUUxDcHdP+HalJMxiUO1ceJho9fe4rE=
github.com/shkh/lastfm-go v0.0.0-20180729041255-29483feae857/go.mod h1:n3nudMl178cEvD44PaopxH9jhJaQzthSxUzLO5iKMy4=
gopkg.in/natefinch/lumberjack.v2 v2.0.0 h1:1Lc07Kr7qY4U2YPouBjpCLxpiyxIVoxqXgkXLknAOE8=
gopkg.in/natefinch/lumberjack.v2 v2.0.0/go.mod h1:l0ndWWf7gzL7RNwBG7wST/UCcT4T24xpD6X8LsfU/+k=
